
Microsoft Visual Studio Solution File, Format Version 12.00
# Visual Studio 15
VisualStudioVersion = 15.0.28307.902
MinimumVisualStudioVersion = 10.0.40219.1
Project("{FAE04EC0-301F-11D3-BF4B-00C04F79EFBC}") = "MessageDeliveryApp", "MessageDeliveryApp\MessageDeliveryApp.csproj", "{AE561FE5-FAA9-4BD1-8245-EC0E9404A4E5}"
EndProject
Project("{FAE04EC0-301F-11D3-BF4B-00C04F79EFBC}") = "MessageDeliveryApp.Tests", "MessageDeliveryApp.Tests\MessageDeliveryApp.Tests.csproj", "{F09234BA-5565-47BC-A230-1E380554A407}"
EndProject
Global
	GlobalSection(SolutionConfigurationPlatforms) = preSolution
		Debug|Any CPU = Debug|Any CPU
		Release|Any CPU = Release|Any CPU
	EndGlobalSection
	GlobalSection(ProjectConfigurationPlatforms) = postSolution
		{AE561FE5-FAA9-4BD1-8245-EC0E9404A4E5}.Debug|Any CPU.ActiveCfg = Debug|Any CPU
		{AE561FE5-FAA9-4BD1-8245-EC0E9404A4E5}.Debug|Any CPU.Build.0 = Debug|Any CPU
		{AE561FE5-FAA9-4BD1-8245-EC0E9404A4E5}.Release|Any CPU.ActiveCfg = Release|Any CPU
		{AE561FE5-FAA9-4BD1-8245-EC0E9404A4E5}.Release|Any CPU.Build.0 = Release|Any CPU
		{F09234BA-5565-47BC-A230-1E380554A407}.Debug|Any CPU.ActiveCfg = Debug|Any CPU
		{F09234BA-5565-47BC-A230-1E380554A407}.Debug|Any CPU.Build.0 = Debug|Any CPU
		{F09234BA-5565-47BC-A230-1E380554A407}.Release|Any CPU.ActiveCfg = Release|Any CPU
		{F09234BA-5565-47BC-A230-1E380554A407}.Release|Any CPU.Build.0 = Release|Any CPU
	EndGlobalSection
	GlobalSection(SolutionProperties) = preSolution
		HideSolutionNode = FALSE
	EndGlobalSection
	GlobalSection(ExtensibilityGlobals) = postSolution
		SolutionGuid = {96122FFB-719B-42C6-AC4D-F34E1E3F0DC3}
	EndGlobalSection
EndGlobal
